# THIS IS AN AUTOGENERATED FILE. DO NOT EDIT THIS FILE DIRECTLY.
# yarn lockfile v1


gitbook-plugin-edit-link@^2.0.2:
  version "2.0.2"
  resolved "https://registry.yarnpkg.com/gitbook-plugin-edit-link/-/gitbook-plugin-edit-link-2.0.2.tgz#d8fcd927eced81e7a662a72d59db609eafd7e72f"
  integrity sha1-2PzZJ+ztgeemYqctWdtgnq/X5y8=
